
Microsoft Visual Studio Solution File, Format Version 12.00
# Visual Studio Version 17
VisualStudioVersion = 17.1.32421.90
MinimumVisualStudioVersion = 10.0.40219.1
Project("{2150E333-8FDC-42A3-9474-1A3956D46DE8}") = "BusinessObject", "BusinessObject", "{1FD75F37-007B-4C94-BCB8-B9F525EE0506}"
EndProject
Project("{FAE04EC0-301F-11D3-BF4B-00C04F79EFBC}") = "BusinessObject", "BusinessObject\BusinessObject.csproj", "{32688E21-BCF4-42EE-BC48-ED8F61E7A838}"
EndProject
Global
	GlobalSection(SolutionConfigurationPlatforms) = preSolution
		Debug|Any CPU = Debug|Any CPU
		Release|Any CPU = Release|Any CPU
	EndGlobalSection
	GlobalSection(ProjectConfigurationPlatforms) = postSolution
		{32688E21-BCF4-42EE-BC48-ED8F61E7A838}.Debug|Any CPU.ActiveCfg = Debug|Any CPU
		{32688E21-BCF4-42EE-BC48-ED8F61E7A838}.Debug|Any CPU.Build.0 = Debug|Any CPU
		{32688E21-BCF4-42EE-BC48-ED8F61E7A838}.Release|Any CPU.ActiveCfg = Release|Any CPU
		{32688E21-BCF4-42EE-BC48-ED8F61E7A838}.Release|Any CPU.Build.0 = Release|Any CPU
	EndGlobalSection
	GlobalSection(SolutionProperties) = preSolution
		HideSolutionNode = FALSE
	EndGlobalSection
	GlobalSection(NestedProjects) = preSolution
		{32688E21-BCF4-42EE-BC48-ED8F61E7A838} = {1FD75F37-007B-4C94-BCB8-B9F525EE0506}
	EndGlobalSection
	GlobalSection(ExtensibilityGlobals) = postSolution
		SolutionGuid = {F6EDBE5C-518C-4226-BFB0-19E1681106B1}
	EndGlobalSection
EndGlobal
